
Microsoft Visual Studio Solution File, Format Version 12.00
# Visual Studio Version 17
VisualStudioVersion = 17.1.32407.343
MinimumVisualStudioVersion = 10.0.40219.1
Project("{FAE04EC0-301F-11D3-BF4B-00C04F79EFBC}") = "Test_Xamarin.Android", "Test_Xamarin\Test_Xamarin.Android\Test_Xamarin.Android.csproj", "{430E2CF9-C78D-49FB-8271-7A1CAFBB2FE2}"
EndProject
Project("{FAE04EC0-301F-11D3-BF4B-00C04F79EFBC}") = "Test_Xamarin", "Test_Xamarin\Test_Xamarin\Test_Xamarin.csproj", "{21DC5C1A-A1C1-4FA5-B45C-25D75B3DE76D}"
EndProject
Global
	GlobalSection(SolutionConfigurationPlatforms) = preSolution
		Debug|Any CPU = Debug|Any CPU
		Release|Any CPU = Release|Any CPU
	EndGlobalSection
	GlobalSection(ProjectConfigurationPlatforms) = postSolution
		{430E2CF9-C78D-49FB-8271-7A1CAFBB2FE2}.Debug|Any CPU.ActiveCfg = Debug|Any CPU
		{430E2CF9-C78D-49FB-8271-7A1CAFBB2FE2}.Debug|Any CPU.Build.0 = Debug|Any CPU
		{430E2CF9-C78D-49FB-8271-7A1CAFBB2FE2}.Debug|Any CPU.Deploy.0 = Debug|Any CPU
		{430E2CF9-C78D-49FB-8271-7A1CAFBB2FE2}.Release|Any CPU.ActiveCfg = Release|Any CPU
		{430E2CF9-C78D-49FB-8271-7A1CAFBB2FE2}.Release|Any CPU.Build.0 = Release|Any CPU
		{430E2CF9-C78D-49FB-8271-7A1CAFBB2FE2}.Release|Any CPU.Deploy.0 = Release|Any CPU
		{21DC5C1A-A1C1-4FA5-B45C-25D75B3DE76D}.Debug|Any CPU.ActiveCfg = Debug|Any CPU
		{21DC5C1A-A1C1-4FA5-B45C-25D75B3DE76D}.Debug|Any CPU.Build.0 = Debug|Any CPU
		{21DC5C1A-A1C1-4FA5-B45C-25D75B3DE76D}.Debug|Any CPU.Deploy.0 = Debug|Any CPU
		{21DC5C1A-A1C1-4FA5-B45C-25D75B3DE76D}.Release|Any CPU.ActiveCfg = Release|Any CPU
		{21DC5C1A-A1C1-4FA5-B45C-25D75B3DE76D}.Release|Any CPU.Build.0 = Release|Any CPU
		{21DC5C1A-A1C1-4FA5-B45C-25D75B3DE76D}.Release|Any CPU.Deploy.0 = Release|Any CPU
	EndGlobalSection
	GlobalSection(SolutionProperties) = preSolution
		HideSolutionNode = FALSE
	EndGlobalSection
	GlobalSection(ExtensibilityGlobals) = postSolution
		SolutionGuid = {818E1D0A-F0D5-4A17-890A-5DB2A2EA7C80}
	EndGlobalSection
EndGlobal
